// !$*UTF8*$!
{
	archiveVersion = 1;
	classes = {
	};
	objectVersion = 50;
	objects = {

/* Begin PBXBuildFile section */
		5B42740022BFE24700BAF594 /* LoginViewController.swift in Sources */ = {isa = PBXBuildFile; fileRef = 5B4273FF22BFE24700BAF594 /* LoginViewController.swift */; };
		5B42740222BFE37100BAF594 /* UdacityAPI.swift in Sources */ = {isa = PBXBuildFile; fileRef = 5B42740122BFE37100BAF594 /* UdacityAPI.swift */; };
		5B42740422BFE3B500BAF594 /* Global.swift in Sources */ = {isa = PBXBuildFile; fileRef = 5B42740322BFE3B500BAF594 /* Global.swift */; };
		5B84BF9D22AA692F00456D7D /* AppDelegate.swift in Sources */ = {isa = PBXBuildFile; fileRef = 5B84BF9C22AA692F00456D7D /* AppDelegate.swift */; };
		5B84BFA222AA692F00456D7D /* Main.storyboard in Resources */ = {isa = PBXBuildFile; fileRef = 5B84BFA022AA692F00456D7D /* Main.storyboard */; };
		5B84BFA522AA692F00456D7D /* VirtualTour.xcdatamodeld in Sources */ = {isa = PBXBuildFile; fileRef = 5B84BFA322AA692F00456D7D /* VirtualTour.xcdatamodeld */; };
		5B84BFA722AA693100456D7D /* Assets.xcassets in Resources */ = {isa = PBXBuildFile; fileRef = 5B84BFA622AA693100456D7D /* Assets.xcassets */; };
		5B84BFAA22AA693100456D7D /* LaunchScreen.storyboard in Resources */ = {isa = PBXBuildFile; fileRef = 5B84BFA822AA693100456D7D /* LaunchScreen.storyboard */; };
		5BA5B79722AD9C25005E1A77 /* PhotoCollectionViewCell.swift in Sources */ = {isa = PBXBuildFile; fileRef = 5BA5B79622AD9C25005E1A77 /* PhotoCollectionViewCell.swift */; };
		5BA5B79922AE475E005E1A77 /* DataController.swift in Sources */ = {isa = PBXBuildFile; fileRef = 5BA5B79822AE475E005E1A77 /* DataController.swift */; };
		5BA5B79B22AE4C3D005E1A77 /* PinExtension.swift in Sources */ = {isa = PBXBuildFile; fileRef = 5BA5B79A22AE4C3D005E1A77 /* PinExtension.swift */; };
		5BA5B79D22AE4C4E005E1A77 /* PhotoExtension.swift in Sources */ = {isa = PBXBuildFile; fileRef = 5BA5B79C22AE4C4E005E1A77 /* PhotoExtension.swift */; };
		5BA5B7A222AE5069005E1A77 /* UIViewController.swift in Sources */ = {isa = PBXBuildFile; fileRef = 5BA5B7A122AE5069005E1A77 /* UIViewController.swift */; };
		5BA5B7A522AE5186005E1A77 /* CustomImageView.swift in Sources */ = {isa = PBXBuildFile; fileRef = 5BA5B7A422AE5186005E1A77 /* CustomImageView.swift */; };
		5BA5B7A722AE8849005E1A77 /* Constants.swift in Sources */ = {isa = PBXBuildFile; fileRef = 5BA5B7A622AE8849005E1A77 /* Constants.swift */; };
		5BB9644922AB75EC00F1D5EB /* TravelMapViewController.swift in Sources */ = {isa = PBXBuildFile; fileRef = 5BB9644822AB75EC00F1D5EB /* TravelMapViewController.swift */; };
		5BB9644B22AB760700F1D5EB /* AlbumViewController.swift in Sources */ = {isa = PBXBuildFile; fileRef = 5BB9644A22AB760700F1D5EB /* AlbumViewController.swift */; };
		5BB9645222AB818500F1D5EB /* FlickrAPI.swift in Sources */ = {isa = PBXBuildFile; fileRef = 5BB9645122AB818500F1D5EB /* FlickrAPI.swift */; };
/* End PBXBuildFile section */

/* Begin PBXFileReference section */
		5B4273FF22BFE24700BAF594 /* LoginViewController.swift */ = {isa = PBXFileReference; lastKnownFileType = sourcecode.swift; path = LoginViewController.swift; sourceTree = "<group>"; };
		5B42740122BFE37100BAF594 /* UdacityAPI.swift */ = {isa = PBXFileReference; lastKnownFileType = sourcecode.swift; path = UdacityAPI.swift; sourceTree = "<group>"; };
		5B42740322BFE3B500BAF594 /* Global.swift */ = {isa = PBXFileReference; lastKnownFileType = sourcecode.swift; path = Global.swift; sourceTree = "<group>"; };
		5B84BF9922AA692F00456D7D /* VirtualTour.app */ = {isa = PBXFileReference; explicitFileType = wrapper.application; includeInIndex = 0; path = VirtualTour.app; sourceTree = BUILT_PRODUCTS_DIR; };
		5B84BF9C22AA692F00456D7D /* AppDelegate.swift */ = {isa = PBXFileReference; lastKnownFileType = sourcecode.swift; path = AppDelegate.swift; sourceTree = "<group>"; };
		5B84BFA122AA692F00456D7D /* Base */ = {isa = PBXFileReference; lastKnownFileType = file.storyboard; name = Base; path = Base.lproj/Main.storyboard; sourceTree = "<group>"; };
		5B84BFA422AA692F00456D7D /* VirtualTour.xcdatamodel */ = {isa = PBXFileReference; lastKnownFileType = wrapper.xcdatamodel; path = VirtualTour.xcdatamodel; sourceTree = "<group>"; };
		5B84BFA622AA693100456D7D /* Assets.xcassets */ = {isa = PBXFileReference; lastKnownFileType = folder.assetcatalog; path = Assets.xcassets; sourceTree = "<group>"; };
		5B84BFA922AA693100456D7D /* Base */ = {isa = PBXFileReference; lastKnownFileType = file.storyboard; name = Base; path = Base.lproj/LaunchScreen.storyboard; sourceTree = "<group>"; };
		5B84BFAB22AA693100456D7D /* Info.plist */ = {isa = PBXFileReference; lastKnownFileType = text.plist.xml; path = Info.plist; sourceTree = "<group>"; };
		5BA5B79622AD9C25005E1A77 /* PhotoCollectionViewCell.swift */ = {isa = PBXFileReference; lastKnownFileType = sourcecode.swift; path = PhotoCollectionViewCell.swift; sourceTree = "<group>"; };
		5BA5B79822AE475E005E1A77 /* DataController.swift */ = {isa = PBXFileReference; lastKnownFileType = sourcecode.swift; path = DataController.swift; sourceTree = "<group>"; };
		5BA5B79A22AE4C3D005E1A77 /* PinExtension.swift */ = {isa = PBXFileReference; lastKnownFileType = sourcecode.swift; path = PinExtension.swift; sourceTree = "<group>"; };
		5BA5B79C22AE4C4E005E1A77 /* PhotoExtension.swift */ = {isa = PBXFileReference; lastKnownFileType = sourcecode.swift; path = PhotoExtension.swift; sourceTree = "<group>"; };
		5BA5B7A122AE5069005E1A77 /* UIViewController.swift */ = {isa = PBXFileReference; lastKnownFileType = sourcecode.swift; path = UIViewController.swift; sourceTree = "<group>"; };
		5BA5B7A422AE5186005E1A77 /* CustomImageView.swift */ = {isa = PBXFileReference; lastKnownFileType = sourcecode.swift; path = CustomImageView.swift; sourceTree = "<group>"; };
		5BA5B7A622AE8849005E1A77 /* Constants.swift */ = {isa = PBXFileReference; lastKnownFileType = sourcecode.swift; path = Constants.swift; sourceTree = "<group>"; };
		5BB9644822AB75EC00F1D5EB /* TravelMapViewController.swift */ = {isa = PBXFileReference; lastKnownFileType = sourcecode.swift; path = TravelMapViewController.swift; sourceTree = "<group>"; };
		5BB9644A22AB760700F1D5EB /* AlbumViewController.swift */ = {isa = PBXFileReference; lastKnownFileType = sourcecode.swift; path = AlbumViewController.swift; sourceTree = "<group>"; };
		5BB9645122AB818500F1D5EB /* FlickrAPI.swift */ = {isa = PBXFileReference; lastKnownFileType = sourcecode.swift; path = FlickrAPI.swift; sourceTree = "<group>"; };
/* End PBXFileReference section */

/* Begin PBXFrameworksBuildPhase section */
		5B84BF9622AA692F00456D7D /* Frameworks */ = {
			isa = PBXFrameworksBuildPhase;
			buildActionMask = 2147483647;
			files = (
			);
			runOnlyForDeploymentPostprocessing = 0;
		};
/* End PBXFrameworksBuildPhase section */

/* Begin PBXGroup section */
		5B84BF9022AA692F00456D7D = {
			isa = PBXGroup;
			children = (
				5B84BF9B22AA692F00456D7D /* VirtualTour */,
				5B84BF9A22AA692F00456D7D /* Products */,
			);
			sourceTree = "<group>";
		};
		5B84BF9A22AA692F00456D7D /* Products */ = {
			isa = PBXGroup;
			children = (
				5B84BF9922AA692F00456D7D /* VirtualTour.app */,
			);
			name = Products;
			sourceTree = "<group>";
		};
		5B84BF9B22AA692F00456D7D /* VirtualTour */ = {
			isa = PBXGroup;
			children = (
				5BA5B7A022AE5031005E1A77 /* Extensions */,
				5B84BFB222AA696000456D7D /* Controller */,
				5B84BFB122AA695200456D7D /* Model */,
				5B84BF9C22AA692F00456D7D /* AppDelegate.swift */,
				5B84BFA022AA692F00456D7D /* Main.storyboard */,
				5B84BFA622AA693100456D7D /* Assets.xcassets */,
				5B84BFA822AA693100456D7D /* LaunchScreen.storyboard */,
				5B84BFAB22AA693100456D7D /* Info.plist */,
				5B84BFA322AA692F00456D7D /* VirtualTour.xcdatamodeld */,
				5BA5B79622AD9C25005E1A77 /* PhotoCollectionViewCell.swift */,
				5BA5B79822AE475E005E1A77 /* DataController.swift */,
				5BA5B7A422AE5186005E1A77 /* CustomImageView.swift */,
				5BA5B7A622AE8849005E1A77 /* Constants.swift */,
				5B42740122BFE37100BAF594 /* UdacityAPI.swift */,
				5B42740322BFE3B500BAF594 /* Global.swift */,
			);
			path = VirtualTour;
			sourceTree = "<group>";
		};
		5B84BFB122AA695200456D7D /* Model */ = {
			isa = PBXGroup;
			children = (
				5BB9645122AB818500F1D5EB /* FlickrAPI.swift */,
				5BA5B79A22AE4C3D005E1A77 /* PinExtension.swift */,
				5BA5B79C22AE4C4E005E1A77 /* PhotoExtension.swift */,
			);
			path = Model;
			sourceTree = "<group>";
		};
		5B84BFB222AA696000456D7D /* Controller */ = {
			isa = PBXGroup;
			children = (
				5BB9644822AB75EC00F1D5EB /* TravelMapViewController.swift */,
				5BB9644A22AB760700F1D5EB /* AlbumViewController.swift */,
				5B4273FF22BFE24700BAF594 /* LoginViewController.swift */,
			);
			path = Controller;
			sourceTree = "<group>";
		};
		5BA5B7A022AE5031005E1A77 /* Extensions */ = {
			isa = PBXGroup;
			children = (
				5BA5B7A122AE5069005E1A77 /* UIViewController.swift */,
			);
			name = Extensions;
			sourceTree = "<group>";
		};
/* End PBXGroup section */

/* Begin PBXNativeTarget section */
		5B84BF9822AA692F00456D7D /* VirtualTour */ = {
			isa = PBXNativeTarget;
			buildConfigurationList = 5B84BFAE22AA693100456D7D /* Build configuration list for PBXNativeTarget "VirtualTour" */;
			buildPhases = (
				5B84BF9522AA692F00456D7D /* Sources */,
				5B84BF9622AA692F00456D7D /* Frameworks */,
				5B84BF9722AA692F00456D7D /* Resources */,
			);
			buildRules = (
			);
			dependencies = (
			);
			name = VirtualTour;
			productName = VirtualTour;
			productReference = 5B84BF9922AA692F00456D7D /* VirtualTour.app */;
			productType = "com.apple.product-type.application";
		};
/* End PBXNativeTarget section */

/* Begin PBXProject section */
		5B84BF9122AA692F00456D7D /* Project object */ = {
			isa = PBXProject;
			attributes = {
				LastSwiftUpdateCheck = 1020;
				LastUpgradeCheck = 1020;
				ORGANIZATIONNAME = "Abdullah alammar";
				TargetAttributes = {
					5B84BF9822AA692F00456D7D = {
						CreatedOnToolsVersion = 10.2.1;
					};
				};
			};
			buildConfigurationList = 5B84BF9422AA692F00456D7D /* Build configuration list for PBXProject "VirtualTour" */;
			compatibilityVersion = "Xcode 9.3";
			developmentRegion = en;
			hasScannedForEncodings = 0;
			knownRegions = (
				en,
				Base,
			);
			mainGroup = 5B84BF9022AA692F00456D7D;
			productRefGroup = 5B84BF9A22AA692F00456D7D /* Products */;
			projectDirPath = "";
			projectRoot = "";
			targets = (
				5B84BF9822AA692F00456D7D /* VirtualTour */,
			);
		};
/* End PBXProject section */

/* Begin PBXResourcesBuildPhase section */
		5B84BF9722AA692F00456D7D /* Resources */ = {
			isa = PBXResourcesBuildPhase;
			buildActionMask = 2147483647;
			files = (
				5B84BFAA22AA693100456D7D /* LaunchScreen.storyboard in Resources */,
				5B84BFA722AA693100456D7D /* Assets.xcassets in Resources */,
				5B84BFA222AA692F00456D7D /* Main.storyboard in Resources */,
			);
			runOnlyForDeploymentPostprocessing = 0;
		};
/* End PBXResourcesBuildPhase section */

/* Begin PBXSourcesBuildPhase section */
		5B84BF9522AA692F00456D7D /* Sources */ = {
			isa = PBXSourcesBuildPhase;
			buildActionMask = 2147483647;
			files = (
				5BA5B79922AE475E005E1A77 /* DataController.swift in Sources */,
				5BA5B79B22AE4C3D005E1A77 /* PinExtension.swift in Sources */,
				5B42740222BFE37100BAF594 /* UdacityAPI.swift in Sources */,
				5BB9644B22AB760700F1D5EB /* AlbumViewController.swift in Sources */,
				5B84BF9D22AA692F00456D7D /* AppDelegate.swift in Sources */,
				5BA5B7A222AE5069005E1A77 /* UIViewController.swift in Sources */,
				5B84BFA522AA692F00456D7D /* VirtualTour.xcdatamodeld in Sources */,
				5BB9644922AB75EC00F1D5EB /* TravelMapViewController.swift in Sources */,
				5B42740422BFE3B500BAF594 /* Global.swift in Sources */,
				5BA5B7A522AE5186005E1A77 /* CustomImageView.swift in Sources */,
				5BB9645222AB818500F1D5EB /* FlickrAPI.swift in Sources */,
				5BA5B79722AD9C25005E1A77 /* PhotoCollectionViewCell.swift in Sources */,
				5BA5B79D22AE4C4E005E1A77 /* PhotoExtension.swift in Sources */,
				5B42740022BFE24700BAF594 /* LoginViewController.swift in Sources */,
				5BA5B7A722AE8849005E1A77 /* Constants.swift in Sources */,
			);
			runOnlyForDeploymentPostprocessing = 0;
		};
/* End PBXSourcesBuildPhase section */

/* Begin PBXVariantGroup section */
		5B84BFA022AA692F00456D7D /* Main.storyboard */ = {
			isa = PBXVariantGroup;
			children = (
				5B84BFA122AA692F00456D7D /* Base */,
			);
			name = Main.storyboard;
			sourceTree = "<group>";
		};
		5B84BFA822AA693100456D7D /* LaunchScreen.storyboard */ = {
			isa = PBXVariantGroup;
			children = (
				5B84BFA922AA693100456D7D /* Base */,
			);
			name = LaunchScreen.storyboard;
			sourceTree = "<group>";
		};
/* End PBXVariantGroup section */

/* Begin XCBuildConfiguration section */
		5B84BFAC22AA693100456D7D /* Debug */ = {
			isa = XCBuildConfiguration;
			buildSettings = {
				ALWAYS_SEARCH_USER_PATHS = NO;
				CLANG_ANALYZER_NONNULL = YES;
				CLANG_ANALYZER_NUMBER_OBJECT_CONVERSION = YES_AGGRESSIVE;
				CLANG_CXX_LANGUAGE_STANDARD = "gnu++14";
				CLANG_CXX_LIBRARY = "libc++";
				CLANG_ENABLE_MODULES = YES;
				CLANG_ENABLE_OBJC_ARC = YES;
				CLANG_ENABLE_OBJC_WEAK = YES;
				CLANG_WARN_BLOCK_CAPTURE_AUTORELEASING = YES;
				CLANG_WARN_BOOL_CONVERSION = YES;
				CLANG_WARN_COMMA = YES;
				CLANG_WARN_CONSTANT_CONVERSION = YES;
				CLANG_WARN_DEPRECATED_OBJC_IMPLEMENTATIONS = YES;
				CLANG_WARN_DIRECT_OBJC_ISA_USAGE = YES_ERROR;
				CLANG_WARN_DOCUMENTATION_COMMENTS = YES;
				CLANG_WARN_EMPTY_BODY = YES;
				CLANG_WARN_ENUM_CONVERSION = YES;
				CLANG_WARN_INFINITE_RECURSION = YES;
				CLANG_WARN_INT_CONVERSION = YES;
				CLANG_WARN_NON_LITERAL_NULL_CONVERSION = YES;
				CLANG_WARN_OBJC_IMPLICIT_RETAIN_SELF = YES;
				CLANG_WARN_OBJC_LITERAL_CONVERSION = YES;
				CLANG_WARN_OBJC_ROOT_CLASS = YES_ERROR;
				CLANG_WARN_RANGE_LOOP_ANALYSIS = YES;
				CLANG_WARN_STRICT_PROTOTYPES = YES;
				CLANG_WARN_SUSPICIOUS_MOVE = YES;
				CLANG_WARN_UNGUARDED_AVAILABILITY = YES_AGGRESSIVE;
				CLANG_WARN_UNREACHABLE_CODE = YES;
				CLANG_WARN__DUPLICATE_METHOD_MATCH = YES;
				CODE_SIGN_IDENTITY = "iPhone Developer";
				COPY_PHASE_STRIP = NO;
				DEBUG_INFORMATION_FORMAT = dwarf;
				ENABLE_STRICT_OBJC_MSGSEND = YES;
				ENABLE_TESTABILITY = YES;
				GCC_C_LANGUAGE_STANDARD = gnu11;
				GCC_DYNAMIC_NO_PIC = NO;
				GCC_NO_COMMON_BLOCKS = YES;
				GCC_OPTIMIZATION_LEVEL = 0;
				GCC_PREPROCESSOR_DEFINITIONS = (
					"DEBUG=1",
					"$(inherited)",
				);
				GCC_WARN_64_TO_32_BIT_CONVERSION = YES;
				GCC_WARN_ABOUT_RETURN_TYPE = YES_ERROR;
				GCC_WARN_UNDECLARED_SELECTOR = YES;
				GCC_WARN_UNINITIALIZED_AUTOS = YES_AGGRESSIVE;
				GCC_WARN_UNUSED_FUNCTION = YES;
				GCC_WARN_UNUSED_VARIABLE = YES;
				IPHONEOS_DEPLOYMENT_TARGET = 12.2;
				MTL_ENABLE_DEBUG_INFO = INCLUDE_SOURCE;
				MTL_FAST_MATH = YES;
				ONLY_ACTIVE_ARCH = YES;
				SDKROOT = iphoneos;
				SWIFT_ACTIVE_COMPILATION_CONDITIONS = DEBUG;
				SWIFT_OPTIMIZATION_LEVEL = "-Onone";
			};
			name = Debug;
		};
		5B84BFAD22AA693100456D7D /* Release */ = {
			isa = XCBuildConfiguration;
			buildSettings = {
				ALWAYS_SEARCH_USER_PATHS = NO;
				CLANG_ANALYZER_NONNULL = YES;
				CLANG_ANALYZER_NUMBER_OBJECT_CONVERSION = YES_AGGRESSIVE;
				CLANG_CXX_LANGUAGE_STANDARD = "gnu++14";
				CLANG_CXX_LIBRARY = "libc++";
				CLANG_ENABLE_MODULES = YES;
				CLANG_ENABLE_OBJC_ARC = YES;
				CLANG_ENABLE_OBJC_WEAK = YES;
				CLANG_WARN_BLOCK_CAPTURE_AUTORELEASING = YES;
				CLANG_WARN_BOOL_CONVERSION = YES;
				CLANG_WARN_COMMA = YES;
				CLANG_WARN_CONSTANT_CONVERSION = YES;
				CLANG_WARN_DEPRECATED_OBJC_IMPLEMENTATIONS = YES;
				CLANG_WARN_DIRECT_OBJC_ISA_USAGE = YES_ERROR;
				CLANG_WARN_DOCUMENTATION_COMMENTS = YES;
				CLANG_WARN_EMPTY_BODY = YES;
				CLANG_WARN_ENUM_CONVERSION = YES;
				CLANG_WARN_INFINITE_RECURSION = YES;
				CLANG_WARN_INT_CONVERSION = YES;
				CLANG_WARN_NON_LITERAL_NULL_CONVERSION = YES;
				CLANG_WARN_OBJC_IMPLICIT_RETAIN_SELF = YES;
				CLANG_WARN_OBJC_LITERAL_CONVERSION = YES;
				CLANG_WARN_OBJC_ROOT_CLASS = YES_ERROR;
				CLANG_WARN_RANGE_LOOP_ANALYSIS = YES;
				CLANG_WARN_STRICT_PROTOTYPES = YES;
				CLANG_WARN_SUSPICIOUS_MOVE = YES;
				CLANG_WARN_UNGUARDED_AVAILABILITY = YES_AGGRESSIVE;
				CLANG_WARN_UNREACHABLE_CODE = YES;
				CLANG_WARN__DUPLICATE_METHOD_MATCH = YES;
				CODE_SIGN_IDENTITY = "iPhone Developer";
				COPY_PHASE_STRIP = NO;
				DEBUG_INFORMATION_FORMAT = "dwarf-with-dsym";
				ENABLE_NS_ASSERTIONS = NO;
				ENABLE_STRICT_OBJC_MSGSEND = YES;
				GCC_C_LANGUAGE_STANDARD = gnu11;
				GCC_NO_COMMON_BLOCKS = YES;
				GCC_WARN_64_TO_32_BIT_CONVERSION = YES;
				GCC_WARN_ABOUT_RETURN_TYPE = YES_ERROR;
				GCC_WARN_UNDECLARED_SELECTOR = YES;
				GCC_WARN_UNINITIALIZED_AUTOS = YES_AGGRESSIVE;
				GCC_WARN_UNUSED_FUNCTION = YES;
				GCC_WARN_UNUSED_VARIABLE = YES;
				IPHONEOS_DEPLOYMENT_TARGET = 12.2;
				MTL_ENABLE_DEBUG_INFO = NO;
				MTL_FAST_MATH = YES;
				SDKROOT = iphoneos;
				SWIFT_COMPILATION_MODE = wholemodule;
				SWIFT_OPTIMIZATION_LEVEL = "-O";
				VALIDATE_PRODUCT = YES;
			};
			name = Release;
		};
		5B84BFAF22AA693100456D7D /* Debug */ = {
			isa = XCBuildConfiguration;
			buildSettings = {
				ASSETCATALOG_COMPILER_APPICON_NAME = AppIcon;
				CODE_SIGN_STYLE = Automatic;
				DEVELOPMENT_TEAM = ZXGQK2ZMCG;
				INFOPLIST_FILE = VirtualTour/Info.plist;
				LD_RUNPATH_SEARCH_PATHS = (
					"$(inherited)",
					"@executable_path/Frameworks",
				);
				PRODUCT_BUNDLE_IDENTIFIER = kfupm.VirtualTour;
				PRODUCT_NAME = "$(TARGET_NAME)";
				SWIFT_VERSION = 5.0;
				TARGETED_DEVICE_FAMILY = "1,2";
			};
			name = Debug;
		};
		5B84BFB022AA693100456D7D /* Release */ = {
			isa = XCBuildConfiguration;
			buildSettings = {
				ASSETCATALOG_COMPILER_APPICON_NAME = AppIcon;
				CODE_SIGN_STYLE = Automatic;
				DEVELOPMENT_TEAM = ZXGQK2ZMCG;
				INFOPLIST_FILE = VirtualTour/Info.plist;
				LD_RUNPATH_SEARCH_PATHS = (
					"$(inherited)",
					"@executable_path/Frameworks",
				);
				PRODUCT_BUNDLE_IDENTIFIER = kfupm.VirtualTour;
				PRODUCT_NAME = "$(TARGET_NAME)";
				SWIFT_VERSION = 5.0;
				TARGETED_DEVICE_FAMILY = "1,2";
			};
			name = Release;
		};
/* End XCBuildConfiguration section */

/* Begin XCConfigurationList section */
		5B84BF9422AA692F00456D7D /* Build configuration list for PBXProject "VirtualTour" */ = {
			isa = XCConfigurationList;
			buildConfigurations = (
				5B84BFAC22AA693100456D7D /* Debug */,
				5B84BFAD22AA693100456D7D /* Release */,
			);
			defaultConfigurationIsVisible = 0;
			defaultConfigurationName = Release;
		};
		5B84BFAE22AA693100456D7D /* Build configuration list for PBXNativeTarget "VirtualTour" */ = {
			isa = XCConfigurationList;
			buildConfigurations = (
				5B84BFAF22AA693100456D7D /* Debug */,
				5B84BFB022AA693100456D7D /* Release */,
			);
			defaultConfigurationIsVisible = 0;
			defaultConfigurationName = Release;
		};
/* End XCConfigurationList section */

/* Begin XCVersionGroup section */
		5B84BFA322AA692F00456D7D /* VirtualTour.xcdatamodeld */ = {
			isa = XCVersionGroup;
			children = (
				5B84BFA422AA692F00456D7D /* VirtualTour.xcdatamodel */,
			);
			currentVersion = 5B84BFA422AA692F00456D7D /* VirtualTour.xcdatamodel */;
			path = VirtualTour.xcdatamodeld;
			sourceTree = "<group>";
			versionGroupType = wrapper.xcdatamodel;
		};
/* End XCVersionGroup section */
	};
	rootObject = 5B84BF9122AA692F00456D7D /* Project object */;
}
